// !$*UTF8*$!
{
	archiveVersion = 1;
	classes = {
	};
	objectVersion = 56;
	objects = {

/* Begin PBXBuildFile section */
		2658F5292C7B667A008184B5 /* CryptoAPI.xcframework in Frameworks */ = {isa = PBXBuildFile; fileRef = 2658F5282C7B667A008184B5 /* CryptoAPI.xcframework */; };
		266B22A92C7781D700291F34 /* CheddarWipeoutApp.swift in Sources */ = {isa = PBXBuildFile; fileRef = 266B22A82C7781D700291F34 /* CheddarWipeoutApp.swift */; };
		266B22AB2C7781D700291F34 /* ContentView.swift in Sources */ = {isa = PBXBuildFile; fileRef = 266B22AA2C7781D700291F34 /* ContentView.swift */; };
		266B22AD2C7781D900291F34 /* Assets.xcassets in Resources */ = {isa = PBXBuildFile; fileRef = 266B22AC2C7781D900291F34 /* Assets.xcassets */; };
		266B22B02C7781D900291F34 /* Preview Assets.xcassets in Resources */ = {isa = PBXBuildFile; fileRef = 266B22AF2C7781D900291F34 /* Preview Assets.xcassets */; };
		266B22B82C77831C00291F34 /* RealmSwift in Frameworks */ = {isa = PBXBuildFile; productRef = 266B22B72C77831C00291F34 /* RealmSwift */; };
		266B22BF2C77961800291F34 /* CryptoModel.swift in Sources */ = {isa = PBXBuildFile; fileRef = 266B22BE2C77961800291F34 /* CryptoModel.swift */; };
		266B22C12C77A47600291F34 /* CryptoCoinViewModel.swift in Sources */ = {isa = PBXBuildFile; fileRef = 266B22C02C77A47600291F34 /* CryptoCoinViewModel.swift */; };
		266B22C32C7892DE00291F34 /* CryptoManager.swift in Sources */ = {isa = PBXBuildFile; fileRef = 266B22C22C7892DE00291F34 /* CryptoManager.swift */; };
		266B22C52C78969500291F34 /* CryptoRowView.swift in Sources */ = {isa = PBXBuildFile; fileRef = 266B22C42C78969500291F34 /* CryptoRowView.swift */; };
/* End PBXBuildFile section */

/* Begin PBXCopyFilesBuildPhase section */
		266B22BD2C77869D00291F34 /* Embed Frameworks */ = {
			isa = PBXCopyFilesBuildPhase;
			buildActionMask = 2147483647;
			dstPath = "";
			dstSubfolderSpec = 10;
			files = (
			);
			name = "Embed Frameworks";
			runOnlyForDeploymentPostprocessing = 0;
		};
/* End PBXCopyFilesBuildPhase section */

/* Begin PBXFileReference section */
		2658F5282C7B667A008184B5 /* CryptoAPI.xcframework */ = {isa = PBXFileReference; lastKnownFileType = wrapper.xcframework; name = CryptoAPI.xcframework; path = "../Crypto-api framework/CryptoAPI.xcframework"; sourceTree = "<group>"; };
		266B22A52C7781D700291F34 /* CheddarWipeout.app */ = {isa = PBXFileReference; explicitFileType = wrapper.application; includeInIndex = 0; path = CheddarWipeout.app; sourceTree = BUILT_PRODUCTS_DIR; };
		266B22A82C7781D700291F34 /* CheddarWipeoutApp.swift */ = {isa = PBXFileReference; lastKnownFileType = sourcecode.swift; path = CheddarWipeoutApp.swift; sourceTree = "<group>"; };
		266B22AA2C7781D700291F34 /* ContentView.swift */ = {isa = PBXFileReference; lastKnownFileType = sourcecode.swift; path = ContentView.swift; sourceTree = "<group>"; };
		266B22AC2C7781D900291F34 /* Assets.xcassets */ = {isa = PBXFileReference; lastKnownFileType = folder.assetcatalog; path = Assets.xcassets; sourceTree = "<group>"; };
		266B22AF2C7781D900291F34 /* Preview Assets.xcassets */ = {isa = PBXFileReference; lastKnownFileType = folder.assetcatalog; path = "Preview Assets.xcassets"; sourceTree = "<group>"; };
		266B22BE2C77961800291F34 /* CryptoModel.swift */ = {isa = PBXFileReference; lastKnownFileType = sourcecode.swift; path = CryptoModel.swift; sourceTree = "<group>"; };
		266B22C02C77A47600291F34 /* CryptoCoinViewModel.swift */ = {isa = PBXFileReference; lastKnownFileType = sourcecode.swift; path = CryptoCoinViewModel.swift; sourceTree = "<group>"; };
		266B22C22C7892DE00291F34 /* CryptoManager.swift */ = {isa = PBXFileReference; lastKnownFileType = sourcecode.swift; path = CryptoManager.swift; sourceTree = "<group>"; };
		266B22C42C78969500291F34 /* CryptoRowView.swift */ = {isa = PBXFileReference; lastKnownFileType = sourcecode.swift; path = CryptoRowView.swift; sourceTree = "<group>"; };
		266B22C62C7B62FB00291F34 /* Info.plist */ = {isa = PBXFileReference; lastKnownFileType = text.plist; path = Info.plist; sourceTree = "<group>"; };
/* End PBXFileReference section */

/* Begin PBXFrameworksBuildPhase section */
		266B22A22C7781D700291F34 /* Frameworks */ = {
			isa = PBXFrameworksBuildPhase;
			buildActionMask = 2147483647;
			files = (
				266B22B82C77831C00291F34 /* RealmSwift in Frameworks */,
				2658F5292C7B667A008184B5 /* CryptoAPI.xcframework in Frameworks */,
			);
			runOnlyForDeploymentPostprocessing = 0;
		};
/* End PBXFrameworksBuildPhase section */

/* Begin PBXGroup section */
		266B229C2C7781D700291F34 = {
			isa = PBXGroup;
			children = (
				266B22A72C7781D700291F34 /* CheddarWipeout */,
				266B22A62C7781D700291F34 /* Products */,
				266B22B92C77869D00291F34 /* Frameworks */,
			);
			sourceTree = "<group>";
		};
		266B22A62C7781D700291F34 /* Products */ = {
			isa = PBXGroup;
			children = (
				266B22A52C7781D700291F34 /* CheddarWipeout.app */,
			);
			name = Products;
			sourceTree = "<group>";
		};
		266B22A72C7781D700291F34 /* CheddarWipeout */ = {
			isa = PBXGroup;
			children = (
				266B22C62C7B62FB00291F34 /* Info.plist */,
				266B22A82C7781D700291F34 /* CheddarWipeoutApp.swift */,
				266B22C82C7B63CE00291F34 /* Model */,
				266B22C72C7B63B900291F34 /* Views */,
				266B22CA2C7B642A00291F34 /* ViewModel */,
				266B22AC2C7781D900291F34 /* Assets.xcassets */,
				266B22AE2C7781D900291F34 /* Preview Content */,
			);
			path = CheddarWipeout;
			sourceTree = "<group>";
		};
		266B22AE2C7781D900291F34 /* Preview Content */ = {
			isa = PBXGroup;
			children = (
				266B22AF2C7781D900291F34 /* Preview Assets.xcassets */,
			);
			path = "Preview Content";
			sourceTree = "<group>";
		};
		266B22B92C77869D00291F34 /* Frameworks */ = {
			isa = PBXGroup;
			children = (
				2658F5282C7B667A008184B5 /* CryptoAPI.xcframework */,
			);
			name = Frameworks;
			sourceTree = "<group>";
		};
		266B22C72C7B63B900291F34 /* Views */ = {
			isa = PBXGroup;
			children = (
				266B22C42C78969500291F34 /* CryptoRowView.swift */,
				266B22AA2C7781D700291F34 /* ContentView.swift */,
			);
			path = Views;
			sourceTree = "<group>";
		};
		266B22C82C7B63CE00291F34 /* Model */ = {
			isa = PBXGroup;
			children = (
				266B22BE2C77961800291F34 /* CryptoModel.swift */,
				266B22C22C7892DE00291F34 /* CryptoManager.swift */,
			);
			path = Model;
			sourceTree = "<group>";
		};
		266B22CA2C7B642A00291F34 /* ViewModel */ = {
			isa = PBXGroup;
			children = (
				266B22C02C77A47600291F34 /* CryptoCoinViewModel.swift */,
			);
			path = ViewModel;
			sourceTree = "<group>";
		};
/* End PBXGroup section */

/* Begin PBXNativeTarget section */
		266B22A42C7781D700291F34 /* CheddarWipeout */ = {
			isa = PBXNativeTarget;
			buildConfigurationList = 266B22B32C7781D900291F34 /* Build configuration list for PBXNativeTarget "CheddarWipeout" */;
			buildPhases = (
				266B22A12C7781D700291F34 /* Sources */,
				266B22A22C7781D700291F34 /* Frameworks */,
				266B22A32C7781D700291F34 /* Resources */,
				266B22BD2C77869D00291F34 /* Embed Frameworks */,
			);
			buildRules = (
			);
			dependencies = (
			);
			name = CheddarWipeout;
			packageProductDependencies = (
				266B22B72C77831C00291F34 /* RealmSwift */,
			);
			productName = CheddarWipeout;
			productReference = 266B22A52C7781D700291F34 /* CheddarWipeout.app */;
			productType = "com.apple.product-type.application";
		};
/* End PBXNativeTarget section */

/* Begin PBXProject section */
		266B229D2C7781D700291F34 /* Project object */ = {
			isa = PBXProject;
			attributes = {
				BuildIndependentTargetsInParallel = 1;
				LastSwiftUpdateCheck = 1540;
				LastUpgradeCheck = 1540;
				TargetAttributes = {
					266B22A42C7781D700291F34 = {
						CreatedOnToolsVersion = 15.4;
					};
				};
			};
			buildConfigurationList = 266B22A02C7781D700291F34 /* Build configuration list for PBXProject "CheddarWipeout" */;
			compatibilityVersion = "Xcode 14.0";
			developmentRegion = en;
			hasScannedForEncodings = 0;
			knownRegions = (
				en,
				Base,
			);
			mainGroup = 266B229C2C7781D700291F34;
			packageReferences = (
				266B22B62C77831C00291F34 /* XCRemoteSwiftPackageReference "realm-swift" */,
			);
			productRefGroup = 266B22A62C7781D700291F34 /* Products */;
			projectDirPath = "";
			projectRoot = "";
			targets = (
				266B22A42C7781D700291F34 /* CheddarWipeout */,
			);
		};
/* End PBXProject section */

/* Begin PBXResourcesBuildPhase section */
		266B22A32C7781D700291F34 /* Resources */ = {
			isa = PBXResourcesBuildPhase;
			buildActionMask = 2147483647;
			files = (
				266B22B02C7781D900291F34 /* Preview Assets.xcassets in Resources */,
				266B22AD2C7781D900291F34 /* Assets.xcassets in Resources */,
			);
			runOnlyForDeploymentPostprocessing = 0;
		};
/* End PBXResourcesBuildPhase section */

/* Begin PBXSourcesBuildPhase section */
		266B22A12C7781D700291F34 /* Sources */ = {
			isa = PBXSourcesBuildPhase;
			buildActionMask = 2147483647;
			files = (
				266B22C52C78969500291F34 /* CryptoRowView.swift in Sources */,
				266B22BF2C77961800291F34 /* CryptoModel.swift in Sources */,
				266B22C12C77A47600291F34 /* CryptoCoinViewModel.swift in Sources */,
				266B22C32C7892DE00291F34 /* CryptoManager.swift in Sources */,
				266B22AB2C7781D700291F34 /* ContentView.swift in Sources */,
				266B22A92C7781D700291F34 /* CheddarWipeoutApp.swift in Sources */,
			);
			runOnlyForDeploymentPostprocessing = 0;
		};
/* End PBXSourcesBuildPhase section */

/* Begin XCBuildConfiguration section */
		266B22B12C7781D900291F34 /* Debug */ = {
			isa = XCBuildConfiguration;
			buildSettings = {
				ALWAYS_SEARCH_USER_PATHS = NO;
				ASSETCATALOG_COMPILER_GENERATE_SWIFT_ASSET_SYMBOL_EXTENSIONS = YES;
				CLANG_ANALYZER_NONNULL = YES;
				CLANG_ANALYZER_NUMBER_OBJECT_CONVERSION = YES_AGGRESSIVE;
				CLANG_CXX_LANGUAGE_STANDARD = "gnu++20";
				CLANG_ENABLE_MODULES = YES;
				CLANG_ENABLE_OBJC_ARC = YES;
				CLANG_ENABLE_OBJC_WEAK = YES;
				CLANG_WARN_BLOCK_CAPTURE_AUTORELEASING = YES;
				CLANG_WARN_BOOL_CONVERSION = YES;
				CLANG_WARN_COMMA = YES;
				CLANG_WARN_CONSTANT_CONVERSION = YES;
				CLANG_WARN_DEPRECATED_OBJC_IMPLEMENTATIONS = YES;
				CLANG_WARN_DIRECT_OBJC_ISA_USAGE = YES_ERROR;
				CLANG_WARN_DOCUMENTATION_COMMENTS = YES;
				CLANG_WARN_EMPTY_BODY = YES;
				CLANG_WARN_ENUM_CONVERSION = YES;
				CLANG_WARN_INFINITE_RECURSION = YES;
				CLANG_WARN_INT_CONVERSION = YES;
				CLANG_WARN_NON_LITERAL_NULL_CONVERSION = YES;
				CLANG_WARN_OBJC_IMPLICIT_RETAIN_SELF = YES;
				CLANG_WARN_OBJC_LITERAL_CONVERSION = YES;
				CLANG_WARN_OBJC_ROOT_CLASS = YES_ERROR;
				CLANG_WARN_QUOTED_INCLUDE_IN_FRAMEWORK_HEADER = YES;
				CLANG_WARN_RANGE_LOOP_ANALYSIS = YES;
				CLANG_WARN_STRICT_PROTOTYPES = YES;
				CLANG_WARN_SUSPICIOUS_MOVE = YES;
				CLANG_WARN_UNGUARDED_AVAILABILITY = YES_AGGRESSIVE;
				CLANG_WARN_UNREACHABLE_CODE = YES;
				CLANG_WARN__DUPLICATE_METHOD_MATCH = YES;
				COPY_PHASE_STRIP = NO;
				DEBUG_INFORMATION_FORMAT = dwarf;
				ENABLE_STRICT_OBJC_MSGSEND = YES;
				ENABLE_TESTABILITY = YES;
				ENABLE_USER_SCRIPT_SANDBOXING = YES;
				GCC_C_LANGUAGE_STANDARD = gnu17;
				GCC_DYNAMIC_NO_PIC = NO;
				GCC_NO_COMMON_BLOCKS = YES;
				GCC_OPTIMIZATION_LEVEL = 0;
				GCC_PREPROCESSOR_DEFINITIONS = (
					"DEBUG=1",
					"$(inherited)",
				);
				GCC_WARN_64_TO_32_BIT_CONVERSION = YES;
				GCC_WARN_ABOUT_RETURN_TYPE = YES_ERROR;
				GCC_WARN_UNDECLARED_SELECTOR = YES;
				GCC_WARN_UNINITIALIZED_AUTOS = YES_AGGRESSIVE;
				GCC_WARN_UNUSED_FUNCTION = YES;
				GCC_WARN_UNUSED_VARIABLE = YES;
				IPHONEOS_DEPLOYMENT_TARGET = 17.5;
				LOCALIZATION_PREFERS_STRING_CATALOGS = YES;
				MTL_ENABLE_DEBUG_INFO = INCLUDE_SOURCE;
				MTL_FAST_MATH = YES;
				ONLY_ACTIVE_ARCH = YES;
				SDKROOT = iphoneos;
				SWIFT_ACTIVE_COMPILATION_CONDITIONS = "DEBUG $(inherited)";
				SWIFT_OPTIMIZATION_LEVEL = "-Onone";
			};
			name = Debug;
		};
		266B22B22C7781D900291F34 /* Release */ = {
			isa = XCBuildConfiguration;
			buildSettings = {
				ALWAYS_SEARCH_USER_PATHS = NO;
				ASSETCATALOG_COMPILER_GENERATE_SWIFT_ASSET_SYMBOL_EXTENSIONS = YES;
				CLANG_ANALYZER_NONNULL = YES;
				CLANG_ANALYZER_NUMBER_OBJECT_CONVERSION = YES_AGGRESSIVE;
				CLANG_CXX_LANGUAGE_STANDARD = "gnu++20";
				CLANG_ENABLE_MODULES = YES;
				CLANG_ENABLE_OBJC_ARC = YES;
				CLANG_ENABLE_OBJC_WEAK = YES;
				CLANG_WARN_BLOCK_CAPTURE_AUTORELEASING = YES;
				CLANG_WARN_BOOL_CONVERSION = YES;
				CLANG_WARN_COMMA = YES;
				CLANG_WARN_CONSTANT_CONVERSION = YES;
				CLANG_WARN_DEPRECATED_OBJC_IMPLEMENTATIONS = YES;
				CLANG_WARN_DIRECT_OBJC_ISA_USAGE = YES_ERROR;
				CLANG_WARN_DOCUMENTATION_COMMENTS = YES;
				CLANG_WARN_EMPTY_BODY = YES;
				CLANG_WARN_ENUM_CONVERSION = YES;
				CLANG_WARN_INFINITE_RECURSION = YES;
				CLANG_WARN_INT_CONVERSION = YES;
				CLANG_WARN_NON_LITERAL_NULL_CONVERSION = YES;
				CLANG_WARN_OBJC_IMPLICIT_RETAIN_SELF = YES;
				CLANG_WARN_OBJC_LITERAL_CONVERSION = YES;
				CLANG_WARN_OBJC_ROOT_CLASS = YES_ERROR;
				CLANG_WARN_QUOTED_INCLUDE_IN_FRAMEWORK_HEADER = YES;
				CLANG_WARN_RANGE_LOOP_ANALYSIS = YES;
				CLANG_WARN_STRICT_PROTOTYPES = YES;
				CLANG_WARN_SUSPICIOUS_MOVE = YES;
				CLANG_WARN_UNGUARDED_AVAILABILITY = YES_AGGRESSIVE;
				CLANG_WARN_UNREACHABLE_CODE = YES;
				CLANG_WARN__DUPLICATE_METHOD_MATCH = YES;
				COPY_PHASE_STRIP = NO;
				DEBUG_INFORMATION_FORMAT = "dwarf-with-dsym";
				ENABLE_NS_ASSERTIONS = NO;
				ENABLE_STRICT_OBJC_MSGSEND = YES;
				ENABLE_USER_SCRIPT_SANDBOXING = YES;
				GCC_C_LANGUAGE_STANDARD = gnu17;
				GCC_NO_COMMON_BLOCKS = YES;
				GCC_WARN_64_TO_32_BIT_CONVERSION = YES;
				GCC_WARN_ABOUT_RETURN_TYPE = YES_ERROR;
				GCC_WARN_UNDECLARED_SELECTOR = YES;
				GCC_WARN_UNINITIALIZED_AUTOS = YES_AGGRESSIVE;
				GCC_WARN_UNUSED_FUNCTION = YES;
				GCC_WARN_UNUSED_VARIABLE = YES;
				IPHONEOS_DEPLOYMENT_TARGET = 17.5;
				LOCALIZATION_PREFERS_STRING_CATALOGS = YES;
				MTL_ENABLE_DEBUG_INFO = NO;
				MTL_FAST_MATH = YES;
				SDKROOT = iphoneos;
				SWIFT_COMPILATION_MODE = wholemodule;
				VALIDATE_PRODUCT = YES;
			};
			name = Release;
		};
		266B22B42C7781D900291F34 /* Debug */ = {
			isa = XCBuildConfiguration;
			buildSettings = {
				ASSETCATALOG_COMPILER_APPICON_NAME = AppIcon;
				ASSETCATALOG_COMPILER_GLOBAL_ACCENT_COLOR_NAME = AccentColor;
				CODE_SIGN_STYLE = Automatic;
				CURRENT_PROJECT_VERSION = 1;
				DEVELOPMENT_ASSET_PATHS = "\"CheddarWipeout/Preview Content\"";
				DEVELOPMENT_TEAM = V6R32R32N9;
				ENABLE_PREVIEWS = YES;
				GENERATE_INFOPLIST_FILE = YES;
				INFOPLIST_FILE = CheddarWipeout/Info.plist;
				INFOPLIST_KEY_UIApplicationSceneManifest_Generation = YES;
				INFOPLIST_KEY_UIApplicationSupportsIndirectInputEvents = YES;
				INFOPLIST_KEY_UISupportedInterfaceOrientations_iPad = "UIInterfaceOrientationPortrait UIInterfaceOrientationPortraitUpsideDown UIInterfaceOrientationLandscapeLeft UIInterfaceOrientationLandscapeRight";
				INFOPLIST_KEY_UISupportedInterfaceOrientations_iPhone = "UIInterfaceOrientationPortrait UIInterfaceOrientationLandscapeLeft UIInterfaceOrientationLandscapeRight";
				LD_RUNPATH_SEARCH_PATHS = (
					"$(inherited)",
					"@executable_path/Frameworks",
				);
				MARKETING_VERSION = 1.0;
				PRODUCT_BUNDLE_IDENTIFIER = timeaBartha.CheddarWipeout;
				PRODUCT_NAME = "$(TARGET_NAME)";
				SWIFT_EMIT_LOC_STRINGS = YES;
				SWIFT_VERSION = 5.0;
				TARGETED_DEVICE_FAMILY = "1,2";
			};
			name = Debug;
		};
		266B22B52C7781D900291F34 /* Release */ = {
			isa = XCBuildConfiguration;
			buildSettings = {
				ASSETCATALOG_COMPILER_APPICON_NAME = AppIcon;
				ASSETCATALOG_COMPILER_GLOBAL_ACCENT_COLOR_NAME = AccentColor;
				CODE_SIGN_STYLE = Automatic;
				CURRENT_PROJECT_VERSION = 1;
				DEVELOPMENT_ASSET_PATHS = "\"CheddarWipeout/Preview Content\"";
				DEVELOPMENT_TEAM = V6R32R32N9;
				ENABLE_PREVIEWS = YES;
				GENERATE_INFOPLIST_FILE = YES;
				INFOPLIST_FILE = CheddarWipeout/Info.plist;
				INFOPLIST_KEY_UIApplicationSceneManifest_Generation = YES;
				INFOPLIST_KEY_UIApplicationSupportsIndirectInputEvents = YES;
				INFOPLIST_KEY_UISupportedInterfaceOrientations_iPad = "UIInterfaceOrientationPortrait UIInterfaceOrientationPortraitUpsideDown UIInterfaceOrientationLandscapeLeft UIInterfaceOrientationLandscapeRight";
				INFOPLIST_KEY_UISupportedInterfaceOrientations_iPhone = "UIInterfaceOrientationPortrait UIInterfaceOrientationLandscapeLeft UIInterfaceOrientationLandscapeRight";
				LD_RUNPATH_SEARCH_PATHS = (
					"$(inherited)",
					"@executable_path/Frameworks",
				);
				MARKETING_VERSION = 1.0;
				PRODUCT_BUNDLE_IDENTIFIER = timeaBartha.CheddarWipeout;
				PRODUCT_NAME = "$(TARGET_NAME)";
				SWIFT_EMIT_LOC_STRINGS = YES;
				SWIFT_VERSION = 5.0;
				TARGETED_DEVICE_FAMILY = "1,2";
			};
			name = Release;
		};
/* End XCBuildConfiguration section */

/* Begin XCConfigurationList section */
		266B22A02C7781D700291F34 /* Build configuration list for PBXProject "CheddarWipeout" */ = {
			isa = XCConfigurationList;
			buildConfigurations = (
				266B22B12C7781D900291F34 /* Debug */,
				266B22B22C7781D900291F34 /* Release */,
			);
			defaultConfigurationIsVisible = 0;
			defaultConfigurationName = Release;
		};
		266B22B32C7781D900291F34 /* Build configuration list for PBXNativeTarget "CheddarWipeout" */ = {
			isa = XCConfigurationList;
			buildConfigurations = (
				266B22B42C7781D900291F34 /* Debug */,
				266B22B52C7781D900291F34 /* Release */,
			);
			defaultConfigurationIsVisible = 0;
			defaultConfigurationName = Release;
		};
/* End XCConfigurationList section */

/* Begin XCRemoteSwiftPackageReference section */
		266B22B62C77831C00291F34 /* XCRemoteSwiftPackageReference "realm-swift" */ = {
			isa = XCRemoteSwiftPackageReference;
			repositoryURL = "https://github.com/realm/realm-swift.git";
			requirement = {
				branch = master;
				kind = branch;
			};
		};
/* End XCRemoteSwiftPackageReference section */

/* Begin XCSwiftPackageProductDependency section */
		266B22B72C77831C00291F34 /* RealmSwift */ = {
			isa = XCSwiftPackageProductDependency;
			package = 266B22B62C77831C00291F34 /* XCRemoteSwiftPackageReference "realm-swift" */;
			productName = RealmSwift;
		};
/* End XCSwiftPackageProductDependency section */
	};
	rootObject = 266B229D2C7781D700291F34 /* Project object */;
}
